{
  "name": "movie-quotes-api",
  "version": "1.0.0",
  "lockfileVersion": 2,
  "requires": true,
  "packages": {
    "": {
      "name": "movie-quotes-api",
      "version": "1.0.0",
      "license": "UNLICENSED",
      "dependencies": {
        "@platformatic/cli": "file:../../../platformatic-private/packages/cli"
      }
    },
    "../../../platformatic-private/packages/cli": {
      "name": "@platformatic/cli",
      "version": "0.0.17",
      "license": "Apache-2.0",
      "dependencies": {
        "@platformatic/authenticate": "workspace:*",
        "@platformatic/db": "workspace:*",
        "colorette": "^2.0.19",
        "commist": "^3.1.2",
        "desm": "^1.2.0",
        "help-me": "^4.1.0",
        "minimist": "^1.2.6"
      },
      "bin": {
        "platformatic": "cli.js"
      },
      "devDependencies": {
        "c8": "^7.11.0",
        "execa": "^6.1.0",
        "snazzy": "^9.0.0",
        "split2": "^4.1.0",
        "standard": "^17.0.0",
        "tap": "^16.0.0"
      }
    },
    "node_modules/@platformatic/cli": {
      "resolved": "../../../platformatic-private/packages/cli",
      "link": true
    }
  },
  "dependencies": {
    "@platformatic/cli": {
      "version": "file:../../../platformatic-private/packages/cli",
      "requires": {
        "@platformatic/authenticate": "workspace:*",
        "@platformatic/db": "workspace:*",
        "c8": "^7.11.0",
        "colorette": "^2.0.19",
        "commist": "^3.1.2",
        "desm": "^1.2.0",
        "execa": "^6.1.0",
        "help-me": "^4.1.0",
        "minimist": "^1.2.6",
        "snazzy": "^9.0.0",
        "split2": "^4.1.0",
        "standard": "^17.0.0",
        "tap": "^16.0.0"
      }
    }
  }
}
